
Microsoft Visual Studio Solution File, Format Version 12.00
# Visual Studio Version 16
VisualStudioVersion = 16.0.29613.14
MinimumVisualStudioVersion = 10.0.40219.1
Project("{9A19103F-16F7-4668-BE54-9A1E7A4F7556}") = "KafkaPoC-Producer", "KafkaPoC-Producer\KafkaPoC-Producer.csproj", "{9CD2F228-AE06-4AD2-8D28-7B73FCD13A66}"
EndProject
Project("{9A19103F-16F7-4668-BE54-9A1E7A4F7556}") = "KafkaPoC-Consumer", "KafkaPoC-Consumer\KafkaPoC-Consumer.csproj", "{23B919D1-3489-4786-AF38-385DD1A1F100}"
EndProject
Project("{FAE04EC0-301F-11D3-BF4B-00C04F79EFBC}") = "KafkaPoC.Tests", "KafkaPoC.Tests\KafkaPoC.Tests.csproj", "{FBA588D3-D469-48E7-BEE8-AB6FFDE795B0}"
EndProject
Global
	GlobalSection(SolutionConfigurationPlatforms) = preSolution
		Debug|Any CPU = Debug|Any CPU
		Release|Any CPU = Release|Any CPU
	EndGlobalSection
	GlobalSection(ProjectConfigurationPlatforms) = postSolution
		{9CD2F228-AE06-4AD2-8D28-7B73FCD13A66}.Debug|Any CPU.ActiveCfg = Debug|Any CPU
		{9CD2F228-AE06-4AD2-8D28-7B73FCD13A66}.Debug|Any CPU.Build.0 = Debug|Any CPU
		{9CD2F228-AE06-4AD2-8D28-7B73FCD13A66}.Release|Any CPU.ActiveCfg = Release|Any CPU
		{9CD2F228-AE06-4AD2-8D28-7B73FCD13A66}.Release|Any CPU.Build.0 = Release|Any CPU
		{23B919D1-3489-4786-AF38-385DD1A1F100}.Debug|Any CPU.ActiveCfg = Debug|Any CPU
		{23B919D1-3489-4786-AF38-385DD1A1F100}.Debug|Any CPU.Build.0 = Debug|Any CPU
		{23B919D1-3489-4786-AF38-385DD1A1F100}.Release|Any CPU.ActiveCfg = Release|Any CPU
		{23B919D1-3489-4786-AF38-385DD1A1F100}.Release|Any CPU.Build.0 = Release|Any CPU
		{FBA588D3-D469-48E7-BEE8-AB6FFDE795B0}.Debug|Any CPU.ActiveCfg = Debug|Any CPU
		{FBA588D3-D469-48E7-BEE8-AB6FFDE795B0}.Debug|Any CPU.Build.0 = Debug|Any CPU
		{FBA588D3-D469-48E7-BEE8-AB6FFDE795B0}.Release|Any CPU.ActiveCfg = Release|Any CPU
		{FBA588D3-D469-48E7-BEE8-AB6FFDE795B0}.Release|Any CPU.Build.0 = Release|Any CPU
	EndGlobalSection
	GlobalSection(SolutionProperties) = preSolution
		HideSolutionNode = FALSE
	EndGlobalSection
	GlobalSection(ExtensibilityGlobals) = postSolution
		SolutionGuid = {836924BC-9729-40D7-9A8F-C33F79220F33}
	EndGlobalSection
EndGlobal
